// !$*UTF8*$!
{
	archiveVersion = 1;
	classes = {
	};
	objectVersion = 54;
	objects = {

/* Begin PBXBuildFile section */
		00E356F31AD99517003FC87E /* opendtureactnativeTests.m in Sources */ = {isa = PBXBuildFile; fileRef = 00E356F21AD99517003FC87E /* opendtureactnativeTests.m */; };
		0C80B921A6F3F58F76C31292 /* libPods-opendtureactnative.a in Frameworks */ = {isa = PBXBuildFile; fileRef = 5DCACB8F33CDC322A6C60F78 /* libPods-opendtureactnative.a */; };
		13B07FBC1A68108700A75B9A /* AppDelegate.mm in Sources */ = {isa = PBXBuildFile; fileRef = 13B07FB01A68108700A75B9A /* AppDelegate.mm */; };
		13B07FBF1A68108700A75B9A /* Images.xcassets in Resources */ = {isa = PBXBuildFile; fileRef = 13B07FB51A68108700A75B9A /* Images.xcassets */; };
		13B07FC11A68108700A75B9A /* main.m in Sources */ = {isa = PBXBuildFile; fileRef = 13B07FB71A68108700A75B9A /* main.m */; };
		209489E8495EA5503CEBDC56 /* ExpoModulesProvider.swift in Sources */ = {isa = PBXBuildFile; fileRef = C68F04B6D088F78FFD85E60D /* ExpoModulesProvider.swift */; };
		4BB71F1CA90CCB0895A5865F /* ExpoModulesProvider.swift in Sources */ = {isa = PBXBuildFile; fileRef = 24F0730B7B8DC7A76826F00B /* ExpoModulesProvider.swift */; };
		7699B88040F8A987B510C191 /* libPods-opendtureactnative-opendtureactnativeTests.a in Frameworks */ = {isa = PBXBuildFile; fileRef = 19F6CBCC0A4E27FBF8BF4A61 /* libPods-opendtureactnative-opendtureactnativeTests.a */; };
		81AB9BB82411601600AC10FF /* LaunchScreen.storyboard in Resources */ = {isa = PBXBuildFile; fileRef = 81AB9BB72411601600AC10FF /* LaunchScreen.storyboard */; };
		BC0323ED2C30AEC2008EA82D /* AntDesign.ttf in Resources */ = {isa = PBXBuildFile; fileRef = BC0323D92C30AEC2008EA82D /* AntDesign.ttf */; };
		BC0323EE2C30AEC2008EA82D /* Entypo.ttf in Resources */ = {isa = PBXBuildFile; fileRef = BC0323DA2C30AEC2008EA82D /* Entypo.ttf */; };
		BC0323EF2C30AEC2008EA82D /* EvilIcons.ttf in Resources */ = {isa = PBXBuildFile; fileRef = BC0323DB2C30AEC2008EA82D /* EvilIcons.ttf */; };
		BC0323F02C30AEC2008EA82D /* Feather.ttf in Resources */ = {isa = PBXBuildFile; fileRef = BC0323DC2C30AEC2008EA82D /* Feather.ttf */; };
		BC0323F12C30AEC2008EA82D /* FontAwesome.ttf in Resources */ = {isa = PBXBuildFile; fileRef = BC0323DD2C30AEC2008EA82D /* FontAwesome.ttf */; };
		BC0323F22C30AEC2008EA82D /* FontAwesome5_Brands.ttf in Resources */ = {isa = PBXBuildFile; fileRef = BC0323DE2C30AEC2008EA82D /* FontAwesome5_Brands.ttf */; };
		BC0323F32C30AEC2008EA82D /* FontAwesome5_Regular.ttf in Resources */ = {isa = PBXBuildFile; fileRef = BC0323DF2C30AEC2008EA82D /* FontAwesome5_Regular.ttf */; };
		BC0323F42C30AEC2008EA82D /* FontAwesome5_Solid.ttf in Resources */ = {isa = PBXBuildFile; fileRef = BC0323E02C30AEC2008EA82D /* FontAwesome5_Solid.ttf */; };
		BC0323F52C30AEC2008EA82D /* FontAwesome6_Brands.ttf in Resources */ = {isa = PBXBuildFile; fileRef = BC0323E12C30AEC2008EA82D /* FontAwesome6_Brands.ttf */; };
		BC0323F62C30AEC2008EA82D /* FontAwesome6_Regular.ttf in Resources */ = {isa = PBXBuildFile; fileRef = BC0323E22C30AEC2008EA82D /* FontAwesome6_Regular.ttf */; };
		BC0323F72C30AEC2008EA82D /* FontAwesome6_Solid.ttf in Resources */ = {isa = PBXBuildFile; fileRef = BC0323E32C30AEC2008EA82D /* FontAwesome6_Solid.ttf */; };
		BC0323F82C30AEC2008EA82D /* Fontisto.ttf in Resources */ = {isa = PBXBuildFile; fileRef = BC0323E42C30AEC2008EA82D /* Fontisto.ttf */; };
		BC0323F92C30AEC2008EA82D /* Foundation.ttf in Resources */ = {isa = PBXBuildFile; fileRef = BC0323E52C30AEC2008EA82D /* Foundation.ttf */; };
		BC0323FA2C30AEC2008EA82D /* Ionicons.ttf in Resources */ = {isa = PBXBuildFile; fileRef = BC0323E62C30AEC2008EA82D /* Ionicons.ttf */; };
		BC0323FB2C30AEC2008EA82D /* MaterialCommunityIcons.ttf in Resources */ = {isa = PBXBuildFile; fileRef = BC0323E72C30AEC2008EA82D /* MaterialCommunityIcons.ttf */; };
		BC0323FC2C30AEC2008EA82D /* MaterialIcons.ttf in Resources */ = {isa = PBXBuildFile; fileRef = BC0323E82C30AEC2008EA82D /* MaterialIcons.ttf */; };
		BC0323FD2C30AEC2008EA82D /* Octicons.ttf in Resources */ = {isa = PBXBuildFile; fileRef = BC0323E92C30AEC2008EA82D /* Octicons.ttf */; };
		BC0323FE2C30AEC2008EA82D /* SimpleLineIcons.ttf in Resources */ = {isa = PBXBuildFile; fileRef = BC0323EA2C30AEC2008EA82D /* SimpleLineIcons.ttf */; };
		BC0323FF2C30AEC2008EA82D /* Zocial.ttf in Resources */ = {isa = PBXBuildFile; fileRef = BC0323EB2C30AEC2008EA82D /* Zocial.ttf */; };
		D05C19C6DAB4887AF429D910 /* PrivacyInfo.xcprivacy in Resources */ = {isa = PBXBuildFile; fileRef = 9597EE690EBB25B615F74D50 /* PrivacyInfo.xcprivacy */; };
/* End PBXBuildFile section */

/* Begin PBXContainerItemProxy section */
		00E356F41AD99517003FC87E /* PBXContainerItemProxy */ = {
			isa = PBXContainerItemProxy;
			containerPortal = 83CBB9F71A601CBA00E9B192 /* Project object */;
			proxyType = 1;
			remoteGlobalIDString = 13B07F861A680F5B00A75B9A;
			remoteInfo = opendtureactnative;
		};
/* End PBXContainerItemProxy section */

/* Begin PBXFileReference section */
		00E356EE1AD99517003FC87E /* opendtureactnativeTests.xctest */ = {isa = PBXFileReference; explicitFileType = wrapper.cfbundle; includeInIndex = 0; path = opendtureactnativeTests.xctest; sourceTree = BUILT_PRODUCTS_DIR; };
		00E356F11AD99517003FC87E /* Info.plist */ = {isa = PBXFileReference; lastKnownFileType = text.plist.xml; path = Info.plist; sourceTree = "<group>"; };
		00E356F21AD99517003FC87E /* opendtureactnativeTests.m */ = {isa = PBXFileReference; lastKnownFileType = sourcecode.c.objc; path = opendtureactnativeTests.m; sourceTree = "<group>"; };
		13B07F961A680F5B00A75B9A /* opendtureactnative.app */ = {isa = PBXFileReference; explicitFileType = wrapper.application; includeInIndex = 0; path = opendtureactnative.app; sourceTree = BUILT_PRODUCTS_DIR; };
		13B07FAF1A68108700A75B9A /* AppDelegate.h */ = {isa = PBXFileReference; fileEncoding = 4; lastKnownFileType = sourcecode.c.h; name = AppDelegate.h; path = opendtureactnative/AppDelegate.h; sourceTree = "<group>"; };
		13B07FB01A68108700A75B9A /* AppDelegate.mm */ = {isa = PBXFileReference; fileEncoding = 4; lastKnownFileType = sourcecode.cpp.objcpp; name = AppDelegate.mm; path = opendtureactnative/AppDelegate.mm; sourceTree = "<group>"; };
		13B07FB51A68108700A75B9A /* Images.xcassets */ = {isa = PBXFileReference; lastKnownFileType = folder.assetcatalog; name = Images.xcassets; path = opendtureactnative/Images.xcassets; sourceTree = "<group>"; };
		13B07FB61A68108700A75B9A /* Info.plist */ = {isa = PBXFileReference; fileEncoding = 4; lastKnownFileType = text.plist.xml; name = Info.plist; path = opendtureactnative/Info.plist; sourceTree = "<group>"; };
		13B07FB71A68108700A75B9A /* main.m */ = {isa = PBXFileReference; fileEncoding = 4; lastKnownFileType = sourcecode.c.objc; name = main.m; path = opendtureactnative/main.m; sourceTree = "<group>"; };
		13B07FB81A68108700A75B9A /* PrivacyInfo.xcprivacy */ = {isa = PBXFileReference; fileEncoding = 4; lastKnownFileType = text.plist.xml; name = PrivacyInfo.xcprivacy; path = opendtureactnative/PrivacyInfo.xcprivacy; sourceTree = "<group>"; };
		19F6CBCC0A4E27FBF8BF4A61 /* libPods-opendtureactnative-opendtureactnativeTests.a */ = {isa = PBXFileReference; explicitFileType = archive.ar; includeInIndex = 0; path = "libPods-opendtureactnative-opendtureactnativeTests.a"; sourceTree = BUILT_PRODUCTS_DIR; };
		24F0730B7B8DC7A76826F00B /* ExpoModulesProvider.swift */ = {isa = PBXFileReference; includeInIndex = 1; lastKnownFileType = sourcecode.swift; name = ExpoModulesProvider.swift; path = "Pods/Target Support Files/Pods-opendtureactnative/ExpoModulesProvider.swift"; sourceTree = "<group>"; };
		3B4392A12AC88292D35C810B /* Pods-opendtureactnative.debug.xcconfig */ = {isa = PBXFileReference; includeInIndex = 1; lastKnownFileType = text.xcconfig; name = "Pods-opendtureactnative.debug.xcconfig"; path = "Target Support Files/Pods-opendtureactnative/Pods-opendtureactnative.debug.xcconfig"; sourceTree = "<group>"; };
		5709B34CF0A7D63546082F79 /* Pods-opendtureactnative.release.xcconfig */ = {isa = PBXFileReference; includeInIndex = 1; lastKnownFileType = text.xcconfig; name = "Pods-opendtureactnative.release.xcconfig"; path = "Target Support Files/Pods-opendtureactnative/Pods-opendtureactnative.release.xcconfig"; sourceTree = "<group>"; };
		5B7EB9410499542E8C5724F5 /* Pods-opendtureactnative-opendtureactnativeTests.debug.xcconfig */ = {isa = PBXFileReference; includeInIndex = 1; lastKnownFileType = text.xcconfig; name = "Pods-opendtureactnative-opendtureactnativeTests.debug.xcconfig"; path = "Target Support Files/Pods-opendtureactnative-opendtureactnativeTests/Pods-opendtureactnative-opendtureactnativeTests.debug.xcconfig"; sourceTree = "<group>"; };
		5DCACB8F33CDC322A6C60F78 /* libPods-opendtureactnative.a */ = {isa = PBXFileReference; explicitFileType = archive.ar; includeInIndex = 0; path = "libPods-opendtureactnative.a"; sourceTree = BUILT_PRODUCTS_DIR; };
		81AB9BB72411601600AC10FF /* LaunchScreen.storyboard */ = {isa = PBXFileReference; fileEncoding = 4; lastKnownFileType = file.storyboard; name = LaunchScreen.storyboard; path = opendtureactnative/LaunchScreen.storyboard; sourceTree = "<group>"; };
		89C6BE57DB24E9ADA2F236DE /* Pods-opendtureactnative-opendtureactnativeTests.release.xcconfig */ = {isa = PBXFileReference; includeInIndex = 1; lastKnownFileType = text.xcconfig; name = "Pods-opendtureactnative-opendtureactnativeTests.release.xcconfig"; path = "Target Support Files/Pods-opendtureactnative-opendtureactnativeTests/Pods-opendtureactnative-opendtureactnativeTests.release.xcconfig"; sourceTree = "<group>"; };
		9597EE690EBB25B615F74D50 /* PrivacyInfo.xcprivacy */ = {isa = PBXFileReference; includeInIndex = 1; lastKnownFileType = text.xml; name = PrivacyInfo.xcprivacy; path = opendtureactnative/PrivacyInfo.xcprivacy; sourceTree = "<group>"; };
		BC0323D92C30AEC2008EA82D /* AntDesign.ttf */ = {isa = PBXFileReference; lastKnownFileType = file; path = AntDesign.ttf; sourceTree = "<group>"; };
		BC0323DA2C30AEC2008EA82D /* Entypo.ttf */ = {isa = PBXFileReference; lastKnownFileType = file; path = Entypo.ttf; sourceTree = "<group>"; };
		BC0323DB2C30AEC2008EA82D /* EvilIcons.ttf */ = {isa = PBXFileReference; lastKnownFileType = file; path = EvilIcons.ttf; sourceTree = "<group>"; };
		BC0323DC2C30AEC2008EA82D /* Feather.ttf */ = {isa = PBXFileReference; lastKnownFileType = file; path = Feather.ttf; sourceTree = "<group>"; };
		BC0323DD2C30AEC2008EA82D /* FontAwesome.ttf */ = {isa = PBXFileReference; lastKnownFileType = file; path = FontAwesome.ttf; sourceTree = "<group>"; };
		BC0323DE2C30AEC2008EA82D /* FontAwesome5_Brands.ttf */ = {isa = PBXFileReference; lastKnownFileType = file; path = FontAwesome5_Brands.ttf; sourceTree = "<group>"; };
		BC0323DF2C30AEC2008EA82D /* FontAwesome5_Regular.ttf */ = {isa = PBXFileReference; lastKnownFileType = file; path = FontAwesome5_Regular.ttf; sourceTree = "<group>"; };
		BC0323E02C30AEC2008EA82D /* FontAwesome5_Solid.ttf */ = {isa = PBXFileReference; lastKnownFileType = file; path = FontAwesome5_Solid.ttf; sourceTree = "<group>"; };
		BC0323E12C30AEC2008EA82D /* FontAwesome6_Brands.ttf */ = {isa = PBXFileReference; lastKnownFileType = file; path = FontAwesome6_Brands.ttf; sourceTree = "<group>"; };
		BC0323E22C30AEC2008EA82D /* FontAwesome6_Regular.ttf */ = {isa = PBXFileReference; lastKnownFileType = file; path = FontAwesome6_Regular.ttf; sourceTree = "<group>"; };
		BC0323E32C30AEC2008EA82D /* FontAwesome6_Solid.ttf */ = {isa = PBXFileReference; lastKnownFileType = file; path = FontAwesome6_Solid.ttf; sourceTree = "<group>"; };
		BC0323E42C30AEC2008EA82D /* Fontisto.ttf */ = {isa = PBXFileReference; lastKnownFileType = file; path = Fontisto.ttf; sourceTree = "<group>"; };
		BC0323E52C30AEC2008EA82D /* Foundation.ttf */ = {isa = PBXFileReference; lastKnownFileType = file; path = Foundation.ttf; sourceTree = "<group>"; };
		BC0323E62C30AEC2008EA82D /* Ionicons.ttf */ = {isa = PBXFileReference; lastKnownFileType = file; path = Ionicons.ttf; sourceTree = "<group>"; };
		BC0323E72C30AEC2008EA82D /* MaterialCommunityIcons.ttf */ = {isa = PBXFileReference; lastKnownFileType = file; path = MaterialCommunityIcons.ttf; sourceTree = "<group>"; };
		BC0323E82C30AEC2008EA82D /* MaterialIcons.ttf */ = {isa = PBXFileReference; lastKnownFileType = file; path = MaterialIcons.ttf; sourceTree = "<group>"; };
		BC0323E92C30AEC2008EA82D /* Octicons.ttf */ = {isa = PBXFileReference; lastKnownFileType = file; path = Octicons.ttf; sourceTree = "<group>"; };
		BC0323EA2C30AEC2008EA82D /* SimpleLineIcons.ttf */ = {isa = PBXFileReference; lastKnownFileType = file; path = SimpleLineIcons.ttf; sourceTree = "<group>"; };
		BC0323EB2C30AEC2008EA82D /* Zocial.ttf */ = {isa = PBXFileReference; lastKnownFileType = file; path = Zocial.ttf; sourceTree = "<group>"; };
		C68F04B6D088F78FFD85E60D /* ExpoModulesProvider.swift */ = {isa = PBXFileReference; includeInIndex = 1; lastKnownFileType = sourcecode.swift; name = ExpoModulesProvider.swift; path = "Pods/Target Support Files/Pods-opendtureactnative-opendtureactnativeTests/ExpoModulesProvider.swift"; sourceTree = "<group>"; };
		ED297162215061F000B7C4FE /* JavaScriptCore.framework */ = {isa = PBXFileReference; lastKnownFileType = wrapper.framework; name = JavaScriptCore.framework; path = System/Library/Frameworks/JavaScriptCore.framework; sourceTree = SDKROOT; };
/* End PBXFileReference section */

/* Begin PBXFrameworksBuildPhase section */
		00E356EB1AD99517003FC87E /* Frameworks */ = {
			isa = PBXFrameworksBuildPhase;
			buildActionMask = 2147483647;
			files = (
				7699B88040F8A987B510C191 /* libPods-opendtureactnative-opendtureactnativeTests.a in Frameworks */,
			);
			runOnlyForDeploymentPostprocessing = 0;
		};
		13B07F8C1A680F5B00A75B9A /* Frameworks */ = {
			isa = PBXFrameworksBuildPhase;
			buildActionMask = 2147483647;
			files = (
				0C80B921A6F3F58F76C31292 /* libPods-opendtureactnative.a in Frameworks */,
			);
			runOnlyForDeploymentPostprocessing = 0;
		};
/* End PBXFrameworksBuildPhase section */

/* Begin PBXGroup section */
		00E356EF1AD99517003FC87E /* opendtureactnativeTests */ = {
			isa = PBXGroup;
			children = (
				00E356F21AD99517003FC87E /* opendtureactnativeTests.m */,
				00E356F01AD99517003FC87E /* Supporting Files */,
			);
			path = opendtureactnativeTests;
			sourceTree = "<group>";
		};
		00E356F01AD99517003FC87E /* Supporting Files */ = {
			isa = PBXGroup;
			children = (
				00E356F11AD99517003FC87E /* Info.plist */,
			);
			name = "Supporting Files";
			sourceTree = "<group>";
		};
		13B07FAE1A68108700A75B9A /* opendtureactnative */ = {
			isa = PBXGroup;
			children = (
				BC0323EC2C30AEC2008EA82D /* Fonts */,
				13B07FAF1A68108700A75B9A /* AppDelegate.h */,
				13B07FB01A68108700A75B9A /* AppDelegate.mm */,
				13B07FB51A68108700A75B9A /* Images.xcassets */,
				13B07FB61A68108700A75B9A /* Info.plist */,
				81AB9BB72411601600AC10FF /* LaunchScreen.storyboard */,
				13B07FB71A68108700A75B9A /* main.m */,
				13B07FB81A68108700A75B9A /* PrivacyInfo.xcprivacy */,
				9597EE690EBB25B615F74D50 /* PrivacyInfo.xcprivacy */,
			);
			name = opendtureactnative;
			sourceTree = "<group>";
		};
		2D16E6871FA4F8E400B85C8A /* Frameworks */ = {
			isa = PBXGroup;
			children = (
				ED297162215061F000B7C4FE /* JavaScriptCore.framework */,
				5DCACB8F33CDC322A6C60F78 /* libPods-opendtureactnative.a */,
				19F6CBCC0A4E27FBF8BF4A61 /* libPods-opendtureactnative-opendtureactnativeTests.a */,
			);
			name = Frameworks;
			sourceTree = "<group>";
		};
		4BBB371F6823D49174FD75A6 /* ExpoModulesProviders */ = {
			isa = PBXGroup;
			children = (
				A7A07915C5BA93B3E42CF25E /* opendtureactnative */,
				923A69F04C3B4E44B1CD78CC /* opendtureactnativeTests */,
			);
			name = ExpoModulesProviders;
			sourceTree = "<group>";
		};
		832341AE1AAA6A7D00B99B32 /* Libraries */ = {
			isa = PBXGroup;
			children = (
			);
			name = Libraries;
			sourceTree = "<group>";
		};
		83CBB9F61A601CBA00E9B192 = {
			isa = PBXGroup;
			children = (
				13B07FAE1A68108700A75B9A /* opendtureactnative */,
				832341AE1AAA6A7D00B99B32 /* Libraries */,
				00E356EF1AD99517003FC87E /* opendtureactnativeTests */,
				83CBBA001A601CBA00E9B192 /* Products */,
				2D16E6871FA4F8E400B85C8A /* Frameworks */,
				BBD78D7AC51CEA395F1C20DB /* Pods */,
				4BBB371F6823D49174FD75A6 /* ExpoModulesProviders */,
			);
			indentWidth = 2;
			sourceTree = "<group>";
			tabWidth = 2;
			usesTabs = 0;
		};
		83CBBA001A601CBA00E9B192 /* Products */ = {
			isa = PBXGroup;
			children = (
				13B07F961A680F5B00A75B9A /* opendtureactnative.app */,
				00E356EE1AD99517003FC87E /* opendtureactnativeTests.xctest */,
			);
			name = Products;
			sourceTree = "<group>";
		};
		923A69F04C3B4E44B1CD78CC /* opendtureactnativeTests */ = {
			isa = PBXGroup;
			children = (
				C68F04B6D088F78FFD85E60D /* ExpoModulesProvider.swift */,
			);
			name = opendtureactnativeTests;
			sourceTree = "<group>";
		};
		A7A07915C5BA93B3E42CF25E /* opendtureactnative */ = {
			isa = PBXGroup;
			children = (
				24F0730B7B8DC7A76826F00B /* ExpoModulesProvider.swift */,
			);
			name = opendtureactnative;
			sourceTree = "<group>";
		};
		BBD78D7AC51CEA395F1C20DB /* Pods */ = {
			isa = PBXGroup;
			children = (
				3B4392A12AC88292D35C810B /* Pods-opendtureactnative.debug.xcconfig */,
				5709B34CF0A7D63546082F79 /* Pods-opendtureactnative.release.xcconfig */,
				5B7EB9410499542E8C5724F5 /* Pods-opendtureactnative-opendtureactnativeTests.debug.xcconfig */,
				89C6BE57DB24E9ADA2F236DE /* Pods-opendtureactnative-opendtureactnativeTests.release.xcconfig */,
			);
			path = Pods;
			sourceTree = "<group>";
		};
		BC0323EC2C30AEC2008EA82D /* Fonts */ = {
			isa = PBXGroup;
			children = (
				BC0323D92C30AEC2008EA82D /* AntDesign.ttf */,
				BC0323DA2C30AEC2008EA82D /* Entypo.ttf */,
				BC0323DB2C30AEC2008EA82D /* EvilIcons.ttf */,
				BC0323DC2C30AEC2008EA82D /* Feather.ttf */,
				BC0323DD2C30AEC2008EA82D /* FontAwesome.ttf */,
				BC0323DE2C30AEC2008EA82D /* FontAwesome5_Brands.ttf */,
				BC0323DF2C30AEC2008EA82D /* FontAwesome5_Regular.ttf */,
				BC0323E02C30AEC2008EA82D /* FontAwesome5_Solid.ttf */,
				BC0323E12C30AEC2008EA82D /* FontAwesome6_Brands.ttf */,
				BC0323E22C30AEC2008EA82D /* FontAwesome6_Regular.ttf */,
				BC0323E32C30AEC2008EA82D /* FontAwesome6_Solid.ttf */,
				BC0323E42C30AEC2008EA82D /* Fontisto.ttf */,
				BC0323E52C30AEC2008EA82D /* Foundation.ttf */,
				BC0323E62C30AEC2008EA82D /* Ionicons.ttf */,
				BC0323E72C30AEC2008EA82D /* MaterialCommunityIcons.ttf */,
				BC0323E82C30AEC2008EA82D /* MaterialIcons.ttf */,
				BC0323E92C30AEC2008EA82D /* Octicons.ttf */,
				BC0323EA2C30AEC2008EA82D /* SimpleLineIcons.ttf */,
				BC0323EB2C30AEC2008EA82D /* Zocial.ttf */,
			);
			name = Fonts;
			path = "../node_modules/react-native-vector-icons/Fonts";
			sourceTree = "<group>";
		};
/* End PBXGroup section */

/* Begin PBXNativeTarget section */
		00E356ED1AD99517003FC87E /* opendtureactnativeTests */ = {
			isa = PBXNativeTarget;
			buildConfigurationList = 00E357021AD99517003FC87E /* Build configuration list for PBXNativeTarget "opendtureactnativeTests" */;
			buildPhases = (
				A55EABD7B0C7F3A422A6CC61 /* [CP] Check Pods Manifest.lock */,
				5EA43E9E4B905D3FDA9E2C84 /* [Expo] Configure project */,
				00E356EA1AD99517003FC87E /* Sources */,
				00E356EB1AD99517003FC87E /* Frameworks */,
				00E356EC1AD99517003FC87E /* Resources */,
				C59DA0FBD6956966B86A3779 /* [CP] Embed Pods Frameworks */,
				F6A41C54EA430FDDC6A6ED99 /* [CP] Copy Pods Resources */,
			);
			buildRules = (
			);
			dependencies = (
				00E356F51AD99517003FC87E /* PBXTargetDependency */,
			);
			name = opendtureactnativeTests;
			productName = opendtureactnativeTests;
			productReference = 00E356EE1AD99517003FC87E /* opendtureactnativeTests.xctest */;
			productType = "com.apple.product-type.bundle.unit-test";
		};
		13B07F861A680F5B00A75B9A /* opendtureactnative */ = {
			isa = PBXNativeTarget;
			buildConfigurationList = 13B07F931A680F5B00A75B9A /* Build configuration list for PBXNativeTarget "opendtureactnative" */;
			buildPhases = (
				C38B50BA6285516D6DCD4F65 /* [CP] Check Pods Manifest.lock */,
				7238400638AA332BABFEF0CD /* [Expo] Configure project */,
				13B07F871A680F5B00A75B9A /* Sources */,
				13B07F8C1A680F5B00A75B9A /* Frameworks */,
				13B07F8E1A680F5B00A75B9A /* Resources */,
				00DD1BFF1BD5951E006B06BC /* Bundle React Native code and images */,
				00EEFC60759A1932668264C0 /* [CP] Embed Pods Frameworks */,
				E235C05ADACE081382539298 /* [CP] Copy Pods Resources */,
			);
			buildRules = (
			);
			dependencies = (
			);
			name = opendtureactnative;
			productName = opendtureactnative;
			productReference = 13B07F961A680F5B00A75B9A /* opendtureactnative.app */;
			productType = "com.apple.product-type.application";
		};
/* End PBXNativeTarget section */

/* Begin PBXProject section */
		83CBB9F71A601CBA00E9B192 /* Project object */ = {
			isa = PBXProject;
			attributes = {
				BuildIndependentTargetsInParallel = NO;
				LastUpgradeCheck = 1540;
				TargetAttributes = {
					00E356ED1AD99517003FC87E = {
						CreatedOnToolsVersion = 6.2;
						TestTargetID = 13B07F861A680F5B00A75B9A;
					};
					13B07F861A680F5B00A75B9A = {
						LastSwiftMigration = 1120;
					};
				};
			};
			buildConfigurationList = 83CBB9FA1A601CBA00E9B192 /* Build configuration list for PBXProject "opendtureactnative" */;
			compatibilityVersion = "Xcode 12.0";
			developmentRegion = en;
			hasScannedForEncodings = 0;
			knownRegions = (
				en,
				Base,
			);
			mainGroup = 83CBB9F61A601CBA00E9B192;
			productRefGroup = 83CBBA001A601CBA00E9B192 /* Products */;
			projectDirPath = "";
			projectRoot = "";
			targets = (
				13B07F861A680F5B00A75B9A /* opendtureactnative */,
				00E356ED1AD99517003FC87E /* opendtureactnativeTests */,
			);
		};
/* End PBXProject section */

/* Begin PBXResourcesBuildPhase section */
		00E356EC1AD99517003FC87E /* Resources */ = {
			isa = PBXResourcesBuildPhase;
			buildActionMask = 2147483647;
			files = (
			);
			runOnlyForDeploymentPostprocessing = 0;
		};
		13B07F8E1A680F5B00A75B9A /* Resources */ = {
			isa = PBXResourcesBuildPhase;
			buildActionMask = 2147483647;
			files = (
				81AB9BB82411601600AC10FF /* LaunchScreen.storyboard in Resources */,
				BC0323F92C30AEC2008EA82D /* Foundation.ttf in Resources */,
				BC0323F02C30AEC2008EA82D /* Feather.ttf in Resources */,
				BC0323F62C30AEC2008EA82D /* FontAwesome6_Regular.ttf in Resources */,
				BC0323FC2C30AEC2008EA82D /* MaterialIcons.ttf in Resources */,
				BC0323FE2C30AEC2008EA82D /* SimpleLineIcons.ttf in Resources */,
				BC0323FF2C30AEC2008EA82D /* Zocial.ttf in Resources */,
				BC0323FA2C30AEC2008EA82D /* Ionicons.ttf in Resources */,
				BC0323F32C30AEC2008EA82D /* FontAwesome5_Regular.ttf in Resources */,
				BC0323EF2C30AEC2008EA82D /* EvilIcons.ttf in Resources */,
				BC0323F22C30AEC2008EA82D /* FontAwesome5_Brands.ttf in Resources */,
				BC0323F72C30AEC2008EA82D /* FontAwesome6_Solid.ttf in Resources */,
				BC0323FD2C30AEC2008EA82D /* Octicons.ttf in Resources */,
				BC0323F12C30AEC2008EA82D /* FontAwesome.ttf in Resources */,
				13B07FBF1A68108700A75B9A /* Images.xcassets in Resources */,
				BC0323ED2C30AEC2008EA82D /* AntDesign.ttf in Resources */,
				BC0323EE2C30AEC2008EA82D /* Entypo.ttf in Resources */,
				BC0323F42C30AEC2008EA82D /* FontAwesome5_Solid.ttf in Resources */,
				BC0323F82C30AEC2008EA82D /* Fontisto.ttf in Resources */,
				BC0323F52C30AEC2008EA82D /* FontAwesome6_Brands.ttf in Resources */,
				BC0323FB2C30AEC2008EA82D /* MaterialCommunityIcons.ttf in Resources */,
				D05C19C6DAB4887AF429D910 /* PrivacyInfo.xcprivacy in Resources */,
			);
			runOnlyForDeploymentPostprocessing = 0;
		};
/* End PBXResourcesBuildPhase section */

/* Begin PBXShellScriptBuildPhase section */
		00DD1BFF1BD5951E006B06BC /* Bundle React Native code and images */ = {
			isa = PBXShellScriptBuildPhase;
			buildActionMask = 2147483647;
			files = (
			);
			inputPaths = (
				"$(SRCROOT)/.xcode.env.local",
				"$(SRCROOT)/.xcode.env",
			);
			name = "Bundle React Native code and images";
			outputPaths = (
			);
			runOnlyForDeploymentPostprocessing = 0;
			shellPath = /bin/sh;
			shellScript = "set -e\n\nWITH_ENVIRONMENT=\"$REACT_NATIVE_PATH/scripts/xcode/with-environment.sh\"\nREACT_NATIVE_XCODE=\"$REACT_NATIVE_PATH/scripts/react-native-xcode.sh\"\n\n/bin/sh -c \"$WITH_ENVIRONMENT $REACT_NATIVE_XCODE\"\n";
		};
		00EEFC60759A1932668264C0 /* [CP] Embed Pods Frameworks */ = {
			isa = PBXShellScriptBuildPhase;
			buildActionMask = 2147483647;
			files = (
			);
			inputFileListPaths = (
				"${PODS_ROOT}/Target Support Files/Pods-opendtureactnative/Pods-opendtureactnative-frameworks-${CONFIGURATION}-input-files.xcfilelist",
			);
			name = "[CP] Embed Pods Frameworks";
			outputFileListPaths = (
				"${PODS_ROOT}/Target Support Files/Pods-opendtureactnative/Pods-opendtureactnative-frameworks-${CONFIGURATION}-output-files.xcfilelist",
			);
			runOnlyForDeploymentPostprocessing = 0;
			shellPath = /bin/sh;
			shellScript = "\"${PODS_ROOT}/Target Support Files/Pods-opendtureactnative/Pods-opendtureactnative-frameworks.sh\"\n";
			showEnvVarsInLog = 0;
		};
		5EA43E9E4B905D3FDA9E2C84 /* [Expo] Configure project */ = {
			isa = PBXShellScriptBuildPhase;
			alwaysOutOfDate = 1;
			buildActionMask = 2147483647;
			files = (
			);
			inputFileListPaths = (
			);
			inputPaths = (
			);
			name = "[Expo] Configure project";
			outputFileListPaths = (
			);
			outputPaths = (
			);
			runOnlyForDeploymentPostprocessing = 0;
			shellPath = /bin/sh;
			shellScript = "# This script configures Expo modules and generates the modules provider file.\nbash -l -c \"./Pods/Target\\ Support\\ Files/Pods-opendtureactnative-opendtureactnativeTests/expo-configure-project.sh\"\n";
		};
		7238400638AA332BABFEF0CD /* [Expo] Configure project */ = {
			isa = PBXShellScriptBuildPhase;
			alwaysOutOfDate = 1;
			buildActionMask = 2147483647;
			files = (
			);
			inputFileListPaths = (
			);
			inputPaths = (
			);
			name = "[Expo] Configure project";
			outputFileListPaths = (
			);
			outputPaths = (
			);
			runOnlyForDeploymentPostprocessing = 0;
			shellPath = /bin/sh;
			shellScript = "# This script configures Expo modules and generates the modules provider file.\nbash -l -c \"./Pods/Target\\ Support\\ Files/Pods-opendtureactnative/expo-configure-project.sh\"\n";
		};
		A55EABD7B0C7F3A422A6CC61 /* [CP] Check Pods Manifest.lock */ = {
			isa = PBXShellScriptBuildPhase;
			buildActionMask = 2147483647;
			files = (
			);
			inputFileListPaths = (
			);
			inputPaths = (
				"${PODS_PODFILE_DIR_PATH}/Podfile.lock",
				"${PODS_ROOT}/Manifest.lock",
			);
			name = "[CP] Check Pods Manifest.lock";
			outputFileListPaths = (
			);
			outputPaths = (
				"$(DERIVED_FILE_DIR)/Pods-opendtureactnative-opendtureactnativeTests-checkManifestLockResult.txt",
			);
			runOnlyForDeploymentPostprocessing = 0;
			shellPath = /bin/sh;
			shellScript = "diff \"${PODS_PODFILE_DIR_PATH}/Podfile.lock\" \"${PODS_ROOT}/Manifest.lock\" > /dev/null\nif [ $? != 0 ] ; then\n    # print error to STDERR\n    echo \"error: The sandbox is not in sync with the Podfile.lock. Run 'pod install' or update your CocoaPods installation.\" >&2\n    exit 1\nfi\n# This output is used by Xcode 'outputs' to avoid re-running this script phase.\necho \"SUCCESS\" > \"${SCRIPT_OUTPUT_FILE_0}\"\n";
			showEnvVarsInLog = 0;
		};
		C38B50BA6285516D6DCD4F65 /* [CP] Check Pods Manifest.lock */ = {
			isa = PBXShellScriptBuildPhase;
			buildActionMask = 2147483647;
			files = (
			);
			inputFileListPaths = (
			);
			inputPaths = (
				"${PODS_PODFILE_DIR_PATH}/Podfile.lock",
				"${PODS_ROOT}/Manifest.lock",
			);
			name = "[CP] Check Pods Manifest.lock";
			outputFileListPaths = (
			);
			outputPaths = (
				"$(DERIVED_FILE_DIR)/Pods-opendtureactnative-checkManifestLockResult.txt",
			);
			runOnlyForDeploymentPostprocessing = 0;
			shellPath = /bin/sh;
			shellScript = "diff \"${PODS_PODFILE_DIR_PATH}/Podfile.lock\" \"${PODS_ROOT}/Manifest.lock\" > /dev/null\nif [ $? != 0 ] ; then\n    # print error to STDERR\n    echo \"error: The sandbox is not in sync with the Podfile.lock. Run 'pod install' or update your CocoaPods installation.\" >&2\n    exit 1\nfi\n# This output is used by Xcode 'outputs' to avoid re-running this script phase.\necho \"SUCCESS\" > \"${SCRIPT_OUTPUT_FILE_0}\"\n";
			showEnvVarsInLog = 0;
		};
		C59DA0FBD6956966B86A3779 /* [CP] Embed Pods Frameworks */ = {
			isa = PBXShellScriptBuildPhase;
			buildActionMask = 2147483647;
			files = (
			);
			inputFileListPaths = (
				"${PODS_ROOT}/Target Support Files/Pods-opendtureactnative-opendtureactnativeTests/Pods-opendtureactnative-opendtureactnativeTests-frameworks-${CONFIGURATION}-input-files.xcfilelist",
			);
			name = "[CP] Embed Pods Frameworks";
			outputFileListPaths = (
				"${PODS_ROOT}/Target Support Files/Pods-opendtureactnative-opendtureactnativeTests/Pods-opendtureactnative-opendtureactnativeTests-frameworks-${CONFIGURATION}-output-files.xcfilelist",
			);
			runOnlyForDeploymentPostprocessing = 0;
			shellPath = /bin/sh;
			shellScript = "\"${PODS_ROOT}/Target Support Files/Pods-opendtureactnative-opendtureactnativeTests/Pods-opendtureactnative-opendtureactnativeTests-frameworks.sh\"\n";
			showEnvVarsInLog = 0;
		};
		E235C05ADACE081382539298 /* [CP] Copy Pods Resources */ = {
			isa = PBXShellScriptBuildPhase;
			buildActionMask = 2147483647;
			files = (
			);
			inputFileListPaths = (
				"${PODS_ROOT}/Target Support Files/Pods-opendtureactnative/Pods-opendtureactnative-resources-${CONFIGURATION}-input-files.xcfilelist",
			);
			name = "[CP] Copy Pods Resources";
			outputFileListPaths = (
				"${PODS_ROOT}/Target Support Files/Pods-opendtureactnative/Pods-opendtureactnative-resources-${CONFIGURATION}-output-files.xcfilelist",
			);
			runOnlyForDeploymentPostprocessing = 0;
			shellPath = /bin/sh;
			shellScript = "\"${PODS_ROOT}/Target Support Files/Pods-opendtureactnative/Pods-opendtureactnative-resources.sh\"\n";
			showEnvVarsInLog = 0;
		};
		F6A41C54EA430FDDC6A6ED99 /* [CP] Copy Pods Resources */ = {
			isa = PBXShellScriptBuildPhase;
			buildActionMask = 2147483647;
			files = (
			);
			inputFileListPaths = (
				"${PODS_ROOT}/Target Support Files/Pods-opendtureactnative-opendtureactnativeTests/Pods-opendtureactnative-opendtureactnativeTests-resources-${CONFIGURATION}-input-files.xcfilelist",
			);
			name = "[CP] Copy Pods Resources";
			outputFileListPaths = (
				"${PODS_ROOT}/Target Support Files/Pods-opendtureactnative-opendtureactnativeTests/Pods-opendtureactnative-opendtureactnativeTests-resources-${CONFIGURATION}-output-files.xcfilelist",
			);
			runOnlyForDeploymentPostprocessing = 0;
			shellPath = /bin/sh;
			shellScript = "\"${PODS_ROOT}/Target Support Files/Pods-opendtureactnative-opendtureactnativeTests/Pods-opendtureactnative-opendtureactnativeTests-resources.sh\"\n";
			showEnvVarsInLog = 0;
		};
/* End PBXShellScriptBuildPhase section */

/* Begin PBXSourcesBuildPhase section */
		00E356EA1AD99517003FC87E /* Sources */ = {
			isa = PBXSourcesBuildPhase;
			buildActionMask = 2147483647;
			files = (
				00E356F31AD99517003FC87E /* opendtureactnativeTests.m in Sources */,
				209489E8495EA5503CEBDC56 /* ExpoModulesProvider.swift in Sources */,
			);
			runOnlyForDeploymentPostprocessing = 0;
		};
		13B07F871A680F5B00A75B9A /* Sources */ = {
			isa = PBXSourcesBuildPhase;
			buildActionMask = 2147483647;
			files = (
				13B07FBC1A68108700A75B9A /* AppDelegate.mm in Sources */,
				13B07FC11A68108700A75B9A /* main.m in Sources */,
				4BB71F1CA90CCB0895A5865F /* ExpoModulesProvider.swift in Sources */,
			);
			runOnlyForDeploymentPostprocessing = 0;
		};
/* End PBXSourcesBuildPhase section */

/* Begin PBXTargetDependency section */
		00E356F51AD99517003FC87E /* PBXTargetDependency */ = {
			isa = PBXTargetDependency;
			target = 13B07F861A680F5B00A75B9A /* opendtureactnative */;
			targetProxy = 00E356F41AD99517003FC87E /* PBXContainerItemProxy */;
		};
/* End PBXTargetDependency section */

/* Begin XCBuildConfiguration section */
		00E356F61AD99517003FC87E /* Debug */ = {
			isa = XCBuildConfiguration;
			baseConfigurationReference = 5B7EB9410499542E8C5724F5 /* Pods-opendtureactnative-opendtureactnativeTests.debug.xcconfig */;
			buildSettings = {
				ALWAYS_EMBED_SWIFT_STANDARD_LIBRARIES = YES;
				BUNDLE_LOADER = "$(TEST_HOST)";
				GCC_PREPROCESSOR_DEFINITIONS = (
					"DEBUG=1",
					"$(inherited)",
				);
				INFOPLIST_FILE = opendtureactnativeTests/Info.plist;
				IPHONEOS_DEPLOYMENT_TARGET = 13.4;
				LD_RUNPATH_SEARCH_PATHS = (
					"$(inherited)",
					"@executable_path/Frameworks",
					"@loader_path/Frameworks",
				);
				OTHER_LDFLAGS = (
					"-ObjC",
					"-lc++",
					"$(inherited)",
				);
				OTHER_SWIFT_FLAGS = "$(inherited) -D EXPO_CONFIGURATION_DEBUG";
				PRODUCT_BUNDLE_IDENTIFIER = "org.reactjs.native.example.$(PRODUCT_NAME:rfc1034identifier)";
				PRODUCT_NAME = "$(TARGET_NAME)";
				TEST_HOST = "$(BUILT_PRODUCTS_DIR)/opendtureactnative.app/opendtureactnative";
			};
			name = Debug;
		};
		00E356F71AD99517003FC87E /* Release */ = {
			isa = XCBuildConfiguration;
			baseConfigurationReference = 89C6BE57DB24E9ADA2F236DE /* Pods-opendtureactnative-opendtureactnativeTests.release.xcconfig */;
			buildSettings = {
				ALWAYS_EMBED_SWIFT_STANDARD_LIBRARIES = YES;
				BUNDLE_LOADER = "$(TEST_HOST)";
				COPY_PHASE_STRIP = NO;
				INFOPLIST_FILE = opendtureactnativeTests/Info.plist;
				IPHONEOS_DEPLOYMENT_TARGET = 13.4;
				LD_RUNPATH_SEARCH_PATHS = (
					"$(inherited)",
					"@executable_path/Frameworks",
					"@loader_path/Frameworks",
				);
				OTHER_LDFLAGS = (
					"-ObjC",
					"-lc++",
					"$(inherited)",
				);
				OTHER_SWIFT_FLAGS = "$(inherited) -D EXPO_CONFIGURATION_RELEASE";
				PRODUCT_BUNDLE_IDENTIFIER = "org.reactjs.native.example.$(PRODUCT_NAME:rfc1034identifier)";
				PRODUCT_NAME = "$(TARGET_NAME)";
				TEST_HOST = "$(BUILT_PRODUCTS_DIR)/opendtureactnative.app/opendtureactnative";
			};
			name = Release;
		};
		13B07F941A680F5B00A75B9A /* Debug */ = {
			isa = XCBuildConfiguration;
			baseConfigurationReference = 3B4392A12AC88292D35C810B /* Pods-opendtureactnative.debug.xcconfig */;
			buildSettings = {
				ASSETCATALOG_COMPILER_APPICON_NAME = AppIcon;
				CLANG_ENABLE_MODULES = YES;
				CURRENT_PROJECT_VERSION = 31;
				ENABLE_BITCODE = NO;
				ENABLE_USER_SCRIPT_SANDBOXING = NO;
				HEADER_SEARCH_PATHS = (
					"$(inherited)",
					"\"${PODS_ROOT}/Headers/Public\"",
					"\"${PODS_ROOT}/Headers/Public/BVLinearGradient\"",
					"\"${PODS_ROOT}/Headers/Public/DoubleConversion\"",
					"\"${PODS_ROOT}/Headers/Public/EXConstants\"",
					"\"${PODS_ROOT}/Headers/Public/Expo\"",
					"\"${PODS_ROOT}/Headers/Public/ExpoModulesCore\"",
					"\"${PODS_ROOT}/Headers/Public/FBLazyVector\"",
					"\"${PODS_ROOT}/Headers/Public/RCT-Folly\"",
					"\"${PODS_ROOT}/Headers/Public/RCTDeprecation\"",
					"\"${PODS_ROOT}/Headers/Public/RCTRequired\"",
					"\"${PODS_ROOT}/Headers/Public/RCTTypeSafety\"",
					"\"${PODS_ROOT}/Headers/Public/RNCAsyncStorage\"",
					"\"${PODS_ROOT}/Headers/Public/RNCClipboard\"",
					"\"${PODS_ROOT}/Headers/Public/RNCMaskedView\"",
					"\"${PODS_ROOT}/Headers/Public/RNFS\"",
					"\"${PODS_ROOT}/Headers/Public/RNFastImage\"",
					"\"${PODS_ROOT}/Headers/Public/RNReanimated\"",
					"\"${PODS_ROOT}/Headers/Public/RNSVG\"",
					"\"${PODS_ROOT}/Headers/Public/RNScreens\"",
					"\"${PODS_ROOT}/Headers/Public/RNVectorIcons\"",
					"\"${PODS_ROOT}/Headers/Public/React-Codegen\"",
					"\"${PODS_ROOT}/Headers/Public/React-Core\"",
					"\"${PODS_ROOT}/Headers/Public/React-Fabric\"",
					"\"${PODS_ROOT}/Headers/Public/React-FabricImage\"",
					"\"${PODS_ROOT}/Headers/Public/React-ImageManager\"",
					"\"${PODS_ROOT}/Headers/Public/React-Mapbuffer\"",
					"\"${PODS_ROOT}/Headers/Public/React-NativeModulesApple\"",
					"\"${PODS_ROOT}/Headers/Public/React-RCTAnimation\"",
					"\"${PODS_ROOT}/Headers/Public/React-RCTAppDelegate\"",
					"\"${PODS_ROOT}/Headers/Public/React-RCTBlob\"",
					"\"${PODS_ROOT}/Headers/Public/React-RCTFabric\"",
					"\"${PODS_ROOT}/Headers/Public/React-RCTText\"",
					"\"${PODS_ROOT}/Headers/Public/React-RuntimeApple\"",
					"\"${PODS_ROOT}/Headers/Public/React-RuntimeCore\"",
					"\"${PODS_ROOT}/Headers/Public/React-RuntimeHermes\"",
					"\"${PODS_ROOT}/Headers/Public/React-callinvoker\"",
					"\"${PODS_ROOT}/Headers/Public/React-cxxreact\"",
					"\"${PODS_ROOT}/Headers/Public/React-debug\"",
					"\"${PODS_ROOT}/Headers/Public/React-featureflags\"",
					"\"${PODS_ROOT}/Headers/Public/React-graphics\"",
					"\"${PODS_ROOT}/Headers/Public/React-hermes\"",
					"\"${PODS_ROOT}/Headers/Public/React-jserrorhandler\"",
					"\"${PODS_ROOT}/Headers/Public/React-jsi\"",
					"\"${PODS_ROOT}/Headers/Public/React-jsiexecutor\"",
					"\"${PODS_ROOT}/Headers/Public/React-jsinspector\"",
					"\"${PODS_ROOT}/Headers/Public/React-logger\"",
					"\"${PODS_ROOT}/Headers/Public/React-nativeconfig\"",
					"\"${PODS_ROOT}/Headers/Public/React-perflogger\"",
					"\"${PODS_ROOT}/Headers/Public/React-rendererdebug\"",
					"\"${PODS_ROOT}/Headers/Public/React-runtimeexecutor\"",
					"\"${PODS_ROOT}/Headers/Public/React-runtimescheduler\"",
					"\"${PODS_ROOT}/Headers/Public/React-utils\"",
					"\"${PODS_ROOT}/Headers/Public/ReactCommon\"",
					"\"${PODS_ROOT}/Headers/Public/SDWebImage\"",
					"\"${PODS_ROOT}/Headers/Public/SDWebImageWebPCoder\"",
					"\"${PODS_ROOT}/Headers/Public/SocketRocket\"",
					"\"${PODS_ROOT}/Headers/Public/Yoga\"",
					"\"${PODS_ROOT}/Headers/Public/fmt\"",
					"\"${PODS_ROOT}/Headers/Public/glog\"",
					"\"${PODS_ROOT}/Headers/Public/hermes-engine\"",
					"\"${PODS_ROOT}/Headers/Public/libwebp\"",
					"\"${PODS_ROOT}/Headers/Public/react-native-charts-wrapper\"",
					"\"${PODS_ROOT}/Headers/Public/react-native-get-random-values\"",
					"\"${PODS_ROOT}/Headers/Public/react-native-netinfo\"",
					"\"${PODS_ROOT}/Headers/Public/react-native-safe-area-context\"",
					"\"${PODS_ROOT}/Headers/Public/react-native-splash-screen\"",
					"\"${PODS_ROOT}/Headers/Public/react-native-zeroconf\"",
					"\"$(PODS_ROOT)/DoubleConversion\"",
					"\"${PODS_CONFIGURATION_BUILD_DIR}/ExpoModulesCore/Swift Compatibility Header\"",
					"\"$(PODS_ROOT)/Headers/Private/Yoga\"",
					"\"$(PODS_ROOT)/boost\"",
					"\"$(PODS_ROOT)/boost\"",
					"\"$(PODS_ROOT)/boost-for-react-native\"",
					"\"$(PODS_ROOT)/glog\"",
					"\"$(PODS_ROOT)/RCT-Folly\"",
					"\"$(PODS_ROOT)/Headers/Public/React-hermes\"",
					"\"$(PODS_ROOT)/Headers/Public/hermes-engine\"",
					"\"$(PODS_ROOT)/../../node_modules/react-native/ReactCommon\"",
					"\"$(PODS_ROOT)/Headers/Private/React-Core\"",
				);
				INFOPLIST_FILE = opendtureactnative/Info.plist;
				LD_RUNPATH_SEARCH_PATHS = (
					"$(inherited)",
					"@executable_path/Frameworks",
				);
				MARKETING_VERSION = 1.0;
				OTHER_LDFLAGS = (
					"$(inherited)",
					"-ObjC",
					"-lc++",
				);
				OTHER_SWIFT_FLAGS = "$(inherited) -D EXPO_CONFIGURATION_DEBUG";
				PRODUCT_BUNDLE_IDENTIFIER = "org.reactjs.native.example.$(PRODUCT_NAME:rfc1034identifier)";
				PRODUCT_NAME = opendtureactnative;
				SWIFT_OPTIMIZATION_LEVEL = "-Onone";
				SWIFT_VERSION = 6.0;
				VERSIONING_SYSTEM = "apple-generic";
			};
			name = Debug;
		};
		13B07F951A680F5B00A75B9A /* Release */ = {
			isa = XCBuildConfiguration;
			baseConfigurationReference = 5709B34CF0A7D63546082F79 /* Pods-opendtureactnative.release.xcconfig */;
			buildSettings = {
				ASSETCATALOG_COMPILER_APPICON_NAME = AppIcon;
				CLANG_ENABLE_MODULES = YES;
				CURRENT_PROJECT_VERSION = 31;
				ENABLE_USER_SCRIPT_SANDBOXING = NO;
				HEADER_SEARCH_PATHS = (
					"$(inherited)",
					"\"${PODS_ROOT}/Headers/Public\"",
					"\"${PODS_ROOT}/Headers/Public/BVLinearGradient\"",
					"\"${PODS_ROOT}/Headers/Public/DoubleConversion\"",
					"\"${PODS_ROOT}/Headers/Public/EXConstants\"",
					"\"${PODS_ROOT}/Headers/Public/Expo\"",
					"\"${PODS_ROOT}/Headers/Public/ExpoModulesCore\"",
					"\"${PODS_ROOT}/Headers/Public/FBLazyVector\"",
					"\"${PODS_ROOT}/Headers/Public/RCT-Folly\"",
					"\"${PODS_ROOT}/Headers/Public/RCTDeprecation\"",
					"\"${PODS_ROOT}/Headers/Public/RCTRequired\"",
					"\"${PODS_ROOT}/Headers/Public/RCTTypeSafety\"",
					"\"${PODS_ROOT}/Headers/Public/RNCAsyncStorage\"",
					"\"${PODS_ROOT}/Headers/Public/RNCClipboard\"",
					"\"${PODS_ROOT}/Headers/Public/RNCMaskedView\"",
					"\"${PODS_ROOT}/Headers/Public/RNFS\"",
					"\"${PODS_ROOT}/Headers/Public/RNFastImage\"",
					"\"${PODS_ROOT}/Headers/Public/RNReanimated\"",
					"\"${PODS_ROOT}/Headers/Public/RNSVG\"",
					"\"${PODS_ROOT}/Headers/Public/RNScreens\"",
					"\"${PODS_ROOT}/Headers/Public/RNVectorIcons\"",
					"\"${PODS_ROOT}/Headers/Public/React-Codegen\"",
					"\"${PODS_ROOT}/Headers/Public/React-Core\"",
					"\"${PODS_ROOT}/Headers/Public/React-Fabric\"",
					"\"${PODS_ROOT}/Headers/Public/React-FabricImage\"",
					"\"${PODS_ROOT}/Headers/Public/React-ImageManager\"",
					"\"${PODS_ROOT}/Headers/Public/React-Mapbuffer\"",
					"\"${PODS_ROOT}/Headers/Public/React-NativeModulesApple\"",
					"\"${PODS_ROOT}/Headers/Public/React-RCTAnimation\"",
					"\"${PODS_ROOT}/Headers/Public/React-RCTAppDelegate\"",
					"\"${PODS_ROOT}/Headers/Public/React-RCTBlob\"",
					"\"${PODS_ROOT}/Headers/Public/React-RCTFabric\"",
					"\"${PODS_ROOT}/Headers/Public/React-RCTText\"",
					"\"${PODS_ROOT}/Headers/Public/React-RuntimeApple\"",
					"\"${PODS_ROOT}/Headers/Public/React-RuntimeCore\"",
					"\"${PODS_ROOT}/Headers/Public/React-RuntimeHermes\"",
					"\"${PODS_ROOT}/Headers/Public/React-callinvoker\"",
					"\"${PODS_ROOT}/Headers/Public/React-cxxreact\"",
					"\"${PODS_ROOT}/Headers/Public/React-debug\"",
					"\"${PODS_ROOT}/Headers/Public/React-featureflags\"",
					"\"${PODS_ROOT}/Headers/Public/React-graphics\"",
					"\"${PODS_ROOT}/Headers/Public/React-hermes\"",
					"\"${PODS_ROOT}/Headers/Public/React-jserrorhandler\"",
					"\"${PODS_ROOT}/Headers/Public/React-jsi\"",
					"\"${PODS_ROOT}/Headers/Public/React-jsiexecutor\"",
					"\"${PODS_ROOT}/Headers/Public/React-jsinspector\"",
					"\"${PODS_ROOT}/Headers/Public/React-logger\"",
					"\"${PODS_ROOT}/Headers/Public/React-nativeconfig\"",
					"\"${PODS_ROOT}/Headers/Public/React-perflogger\"",
					"\"${PODS_ROOT}/Headers/Public/React-rendererdebug\"",
					"\"${PODS_ROOT}/Headers/Public/React-runtimeexecutor\"",
					"\"${PODS_ROOT}/Headers/Public/React-runtimescheduler\"",
					"\"${PODS_ROOT}/Headers/Public/React-utils\"",
					"\"${PODS_ROOT}/Headers/Public/ReactCommon\"",
					"\"${PODS_ROOT}/Headers/Public/SDWebImage\"",
					"\"${PODS_ROOT}/Headers/Public/SDWebImageWebPCoder\"",
					"\"${PODS_ROOT}/Headers/Public/SocketRocket\"",
					"\"${PODS_ROOT}/Headers/Public/Yoga\"",
					"\"${PODS_ROOT}/Headers/Public/fmt\"",
					"\"${PODS_ROOT}/Headers/Public/glog\"",
					"\"${PODS_ROOT}/Headers/Public/hermes-engine\"",
					"\"${PODS_ROOT}/Headers/Public/libwebp\"",
					"\"${PODS_ROOT}/Headers/Public/react-native-charts-wrapper\"",
					"\"${PODS_ROOT}/Headers/Public/react-native-get-random-values\"",
					"\"${PODS_ROOT}/Headers/Public/react-native-netinfo\"",
					"\"${PODS_ROOT}/Headers/Public/react-native-safe-area-context\"",
					"\"${PODS_ROOT}/Headers/Public/react-native-splash-screen\"",
					"\"${PODS_ROOT}/Headers/Public/react-native-zeroconf\"",
					"\"$(PODS_ROOT)/DoubleConversion\"",
					"\"${PODS_CONFIGURATION_BUILD_DIR}/ExpoModulesCore/Swift Compatibility Header\"",
					"\"$(PODS_ROOT)/Headers/Private/Yoga\"",
					"\"$(PODS_ROOT)/boost\"",
					"\"$(PODS_ROOT)/boost\"",
					"\"$(PODS_ROOT)/boost-for-react-native\"",
					"\"$(PODS_ROOT)/glog\"",
					"\"$(PODS_ROOT)/RCT-Folly\"",
					"\"$(PODS_ROOT)/Headers/Public/React-hermes\"",
					"\"$(PODS_ROOT)/Headers/Public/hermes-engine\"",
					"\"$(PODS_ROOT)/../../node_modules/react-native/ReactCommon\"",
					"\"$(PODS_ROOT)/Headers/Private/React-Core\"",
				);
				INFOPLIST_FILE = opendtureactnative/Info.plist;
				LD_RUNPATH_SEARCH_PATHS = (
					"$(inherited)",
					"@executable_path/Frameworks",
				);
				MARKETING_VERSION = 1.0;
				OTHER_LDFLAGS = (
					"$(inherited)",
					"-ObjC",
					"-lc++",
				);
				OTHER_SWIFT_FLAGS = "$(inherited) -D EXPO_CONFIGURATION_RELEASE";
				PRODUCT_BUNDLE_IDENTIFIER = "org.reactjs.native.example.$(PRODUCT_NAME:rfc1034identifier)";
				PRODUCT_NAME = opendtureactnative;
				SWIFT_VERSION = 6.0;
				VERSIONING_SYSTEM = "apple-generic";
			};
			name = Release;
		};
		83CBBA201A601CBA00E9B192 /* Debug */ = {
			isa = XCBuildConfiguration;
			buildSettings = {
				ALWAYS_SEARCH_USER_PATHS = NO;
				CC = "";
				CLANG_ANALYZER_LOCALIZABILITY_NONLOCALIZED = YES;
				CLANG_CXX_LANGUAGE_STANDARD = "c++20";
				CLANG_CXX_LIBRARY = "libc++";
				CLANG_ENABLE_MODULES = YES;
				CLANG_ENABLE_OBJC_ARC = YES;
				CLANG_WARN_BLOCK_CAPTURE_AUTORELEASING = YES;
				CLANG_WARN_BOOL_CONVERSION = YES;
				CLANG_WARN_COMMA = YES;
				CLANG_WARN_CONSTANT_CONVERSION = YES;
				CLANG_WARN_DEPRECATED_OBJC_IMPLEMENTATIONS = YES;
				CLANG_WARN_DIRECT_OBJC_ISA_USAGE = YES_ERROR;
				CLANG_WARN_EMPTY_BODY = YES;
				CLANG_WARN_ENUM_CONVERSION = YES;
				CLANG_WARN_INFINITE_RECURSION = YES;
				CLANG_WARN_INT_CONVERSION = YES;
				CLANG_WARN_NON_LITERAL_NULL_CONVERSION = YES;
				CLANG_WARN_OBJC_IMPLICIT_RETAIN_SELF = YES;
				CLANG_WARN_OBJC_LITERAL_CONVERSION = YES;
				CLANG_WARN_OBJC_ROOT_CLASS = YES_ERROR;
				CLANG_WARN_QUOTED_INCLUDE_IN_FRAMEWORK_HEADER = YES;
				CLANG_WARN_RANGE_LOOP_ANALYSIS = YES;
				CLANG_WARN_STRICT_PROTOTYPES = YES;
				CLANG_WARN_SUSPICIOUS_MOVE = YES;
				CLANG_WARN_UNREACHABLE_CODE = YES;
				CLANG_WARN__DUPLICATE_METHOD_MATCH = YES;
				"CODE_SIGN_IDENTITY[sdk=iphoneos*]" = "iPhone Developer";
				COPY_PHASE_STRIP = NO;
				CXX = "";
				ENABLE_STRICT_OBJC_MSGSEND = YES;
				ENABLE_TESTABILITY = YES;
				ENABLE_USER_SCRIPT_SANDBOXING = YES;
				"EXCLUDED_ARCHS[sdk=iphonesimulator*]" = "";
				GCC_C_LANGUAGE_STANDARD = gnu99;
				GCC_DYNAMIC_NO_PIC = NO;
				GCC_NO_COMMON_BLOCKS = YES;
				GCC_OPTIMIZATION_LEVEL = 0;
				GCC_PREPROCESSOR_DEFINITIONS = (
					"DEBUG=1",
					"$(inherited)",
				);
				GCC_SYMBOLS_PRIVATE_EXTERN = NO;
				GCC_WARN_64_TO_32_BIT_CONVERSION = YES;
				GCC_WARN_ABOUT_RETURN_TYPE = YES_ERROR;
				GCC_WARN_UNDECLARED_SELECTOR = YES;
				GCC_WARN_UNINITIALIZED_AUTOS = YES_AGGRESSIVE;
				GCC_WARN_UNUSED_FUNCTION = YES;
				GCC_WARN_UNUSED_VARIABLE = YES;
				IPHONEOS_DEPLOYMENT_TARGET = 13.4;
				LD = "";
				LDPLUSPLUS = "";
				LD_RUNPATH_SEARCH_PATHS = (
					/usr/lib/swift,
					"$(inherited)",
				);
				LIBRARY_SEARCH_PATHS = (
					"\"$(SDKROOT)/usr/lib/swift\"",
					"\"$(TOOLCHAIN_DIR)/usr/lib/swift/$(PLATFORM_NAME)\"",
					"\"$(inherited)\"",
					"$(SRCROOT)/../node_modules/react-native-splash-screen/ios",
				);
				MTL_ENABLE_DEBUG_INFO = YES;
				ONLY_ACTIVE_ARCH = YES;
				OTHER_CPLUSPLUSFLAGS = (
					"$(OTHER_CFLAGS)",
					"-DFOLLY_NO_CONFIG",
					"-DFOLLY_MOBILE=1",
					"-DFOLLY_USE_LIBCPP=1",
					"-DFOLLY_CFG_NO_COROUTINES=1",
					"-DFOLLY_HAVE_CLOCK_GETTIME=1",
				);
				OTHER_LDFLAGS = (
					"$(inherited)",
					" ",
				);
				REACT_NATIVE_PATH = "${PODS_ROOT}/../../node_modules/react-native";
				SDKROOT = iphoneos;
				SWIFT_ACTIVE_COMPILATION_CONDITIONS = "$(inherited) DEBUG";
				USE_HERMES = true;
			};
			name = Debug;
		};
		83CBBA211A601CBA00E9B192 /* Release */ = {
			isa = XCBuildConfiguration;
			buildSettings = {
				ALWAYS_SEARCH_USER_PATHS = NO;
				CC = "";
				CLANG_ANALYZER_LOCALIZABILITY_NONLOCALIZED = YES;
				CLANG_CXX_LANGUAGE_STANDARD = "c++20";
				CLANG_CXX_LIBRARY = "libc++";
				CLANG_ENABLE_MODULES = YES;
				CLANG_ENABLE_OBJC_ARC = YES;
				CLANG_WARN_BLOCK_CAPTURE_AUTORELEASING = YES;
				CLANG_WARN_BOOL_CONVERSION = YES;
				CLANG_WARN_COMMA = YES;
				CLANG_WARN_CONSTANT_CONVERSION = YES;
				CLANG_WARN_DEPRECATED_OBJC_IMPLEMENTATIONS = YES;
				CLANG_WARN_DIRECT_OBJC_ISA_USAGE = YES_ERROR;
				CLANG_WARN_EMPTY_BODY = YES;
				CLANG_WARN_ENUM_CONVERSION = YES;
				CLANG_WARN_INFINITE_RECURSION = YES;
				CLANG_WARN_INT_CONVERSION = YES;
				CLANG_WARN_NON_LITERAL_NULL_CONVERSION = YES;
				CLANG_WARN_OBJC_IMPLICIT_RETAIN_SELF = YES;
				CLANG_WARN_OBJC_LITERAL_CONVERSION = YES;
				CLANG_WARN_OBJC_ROOT_CLASS = YES_ERROR;
				CLANG_WARN_QUOTED_INCLUDE_IN_FRAMEWORK_HEADER = YES;
				CLANG_WARN_RANGE_LOOP_ANALYSIS = YES;
				CLANG_WARN_STRICT_PROTOTYPES = YES;
				CLANG_WARN_SUSPICIOUS_MOVE = YES;
				CLANG_WARN_UNREACHABLE_CODE = YES;
				CLANG_WARN__DUPLICATE_METHOD_MATCH = YES;
				"CODE_SIGN_IDENTITY[sdk=iphoneos*]" = "iPhone Developer";
				COPY_PHASE_STRIP = YES;
				CXX = "";
				ENABLE_NS_ASSERTIONS = NO;
				ENABLE_STRICT_OBJC_MSGSEND = YES;
				ENABLE_USER_SCRIPT_SANDBOXING = YES;
				"EXCLUDED_ARCHS[sdk=iphonesimulator*]" = "";
				GCC_C_LANGUAGE_STANDARD = gnu99;
				GCC_NO_COMMON_BLOCKS = YES;
				GCC_WARN_64_TO_32_BIT_CONVERSION = YES;
				GCC_WARN_ABOUT_RETURN_TYPE = YES_ERROR;
				GCC_WARN_UNDECLARED_SELECTOR = YES;
				GCC_WARN_UNINITIALIZED_AUTOS = YES_AGGRESSIVE;
				GCC_WARN_UNUSED_FUNCTION = YES;
				GCC_WARN_UNUSED_VARIABLE = YES;
				IPHONEOS_DEPLOYMENT_TARGET = 13.4;
				LD = "";
				LDPLUSPLUS = "";
				LD_RUNPATH_SEARCH_PATHS = (
					/usr/lib/swift,
					"$(inherited)",
				);
				LIBRARY_SEARCH_PATHS = (
					"\"$(SDKROOT)/usr/lib/swift\"",
					"\"$(TOOLCHAIN_DIR)/usr/lib/swift/$(PLATFORM_NAME)\"",
					"\"$(inherited)\"",
					"$(SRCROOT)/../node_modules/react-native-splash-screen/ios",
				);
				MTL_ENABLE_DEBUG_INFO = NO;
				OTHER_CPLUSPLUSFLAGS = (
					"$(OTHER_CFLAGS)",
					"-DFOLLY_NO_CONFIG",
					"-DFOLLY_MOBILE=1",
					"-DFOLLY_USE_LIBCPP=1",
					"-DFOLLY_CFG_NO_COROUTINES=1",
					"-DFOLLY_HAVE_CLOCK_GETTIME=1",
				);
				OTHER_LDFLAGS = (
					"$(inherited)",
					" ",
				);
				REACT_NATIVE_PATH = "${PODS_ROOT}/../../node_modules/react-native";
				SDKROOT = iphoneos;
				SWIFT_COMPILATION_MODE = wholemodule;
				USE_HERMES = true;
				VALIDATE_PRODUCT = YES;
			};
			name = Release;
		};
/* End XCBuildConfiguration section */

/* Begin XCConfigurationList section */
		00E357021AD99517003FC87E /* Build configuration list for PBXNativeTarget "opendtureactnativeTests" */ = {
			isa = XCConfigurationList;
			buildConfigurations = (
				00E356F61AD99517003FC87E /* Debug */,
				00E356F71AD99517003FC87E /* Release */,
			);
			defaultConfigurationIsVisible = 0;
			defaultConfigurationName = Debug;
		};
		13B07F931A680F5B00A75B9A /* Build configuration list for PBXNativeTarget "opendtureactnative" */ = {
			isa = XCConfigurationList;
			buildConfigurations = (
				13B07F941A680F5B00A75B9A /* Debug */,
				13B07F951A680F5B00A75B9A /* Release */,
			);
			defaultConfigurationIsVisible = 0;
			defaultConfigurationName = Debug;
		};
		83CBB9FA1A601CBA00E9B192 /* Build configuration list for PBXProject "opendtureactnative" */ = {
			isa = XCConfigurationList;
			buildConfigurations = (
				83CBBA201A601CBA00E9B192 /* Debug */,
				83CBBA211A601CBA00E9B192 /* Release */,
			);
			defaultConfigurationIsVisible = 0;
			defaultConfigurationName = Debug;
		};
/* End XCConfigurationList section */
	};
	rootObject = 83CBB9F71A601CBA00E9B192 /* Project object */;
}
